
Microsoft Visual Studio Solution File, Format Version 12.00
# Visual Studio 15
VisualStudioVersion = 15.0.28307.852
MinimumVisualStudioVersion = 10.0.40219.1
Project("{FAE04EC0-301F-11D3-BF4B-00C04F79EFBC}") = "MapremiereApplication", "MapremiereApplication\MapremiereApplication.csproj", "{34C89BDA-7007-4003-9E08-718F5C122676}"
EndProject
Global
	GlobalSection(SolutionConfigurationPlatforms) = preSolution
		Debug|Any CPU = Debug|Any CPU
		Release|Any CPU = Release|Any CPU
	EndGlobalSection
	GlobalSection(ProjectConfigurationPlatforms) = postSolution
		{34C89BDA-7007-4003-9E08-718F5C122676}.Debug|Any CPU.ActiveCfg = Debug|Any CPU
		{34C89BDA-7007-4003-9E08-718F5C122676}.Debug|Any CPU.Build.0 = Debug|Any CPU
		{34C89BDA-7007-4003-9E08-718F5C122676}.Release|Any CPU.ActiveCfg = Release|Any CPU
		{34C89BDA-7007-4003-9E08-718F5C122676}.Release|Any CPU.Build.0 = Release|Any CPU
	EndGlobalSection
	GlobalSection(SolutionProperties) = preSolution
		HideSolutionNode = FALSE
	EndGlobalSection
	GlobalSection(ExtensibilityGlobals) = postSolution
		SolutionGuid = {2555EE00-9C49-472D-858B-D107C6B51CD8}
	EndGlobalSection
EndGlobal
